// !$*UTF8*$!
{
	archiveVersion = 1;
	classes = {
	};
	objectVersion = 70;
	objects = {

/* Begin PBXContainerItemProxy section */
		000000000000000000000092 /* PBXContainerItemProxy */ = {
			isa = PBXContainerItemProxy;
			containerPortal = 000000000000000000000001 /* Project object */;
			proxyType = 1;
			remoteGlobalIDString = 000000000000000000000080;
			remoteInfo = Lexickon;
		};
		000000000000000000000093 /* PBXContainerItemProxy */ = {
			isa = PBXContainerItemProxy;
			containerPortal = 000000000000000000000001 /* Project object */;
			proxyType = 1;
			remoteGlobalIDString = 000000000000000000000080;
			remoteInfo = Lexickon;
		};
/* End PBXContainerItemProxy section */

/* Begin PBXFileReference section */
		000000000000000000000030 /* Lexickon.app */ = {isa = PBXFileReference; explicitFileType = wrapper.application; includeInIndex = 0; path = Lexickon.app; sourceTree = BUILT_PRODUCTS_DIR; };
		000000000000000000000031 /* LexickonTests.xctest */ = {isa = PBXFileReference; explicitFileType = wrapper.cfbundle; includeInIndex = 0; path = LexickonTests.xctest; sourceTree = BUILT_PRODUCTS_DIR; };
		000000000000000000000032 /* LexickonUITests.xctest */ = {isa = PBXFileReference; explicitFileType = wrapper.cfbundle; includeInIndex = 0; path = LexickonUITests.xctest; sourceTree = BUILT_PRODUCTS_DIR; };
		000000000000000000000053 /* Configurations/Shared/Debug.xcconfig */ = {isa = PBXFileReference; lastKnownFileType = text.xcconfig; path = Configurations/Shared/Debug.xcconfig; sourceTree = SOURCE_ROOT; };
		000000000000000000000054 /* Configurations/Shared/Release.xcconfig */ = {isa = PBXFileReference; lastKnownFileType = text.xcconfig; path = Configurations/Shared/Release.xcconfig; sourceTree = SOURCE_ROOT; };
		000000000000000000000056 /* Configurations/App/App-Debug.xcconfig */ = {isa = PBXFileReference; lastKnownFileType = text.xcconfig; path = "Configurations/App/App-Debug.xcconfig"; sourceTree = SOURCE_ROOT; };
		000000000000000000000057 /* Configurations/App/App-Release.xcconfig */ = {isa = PBXFileReference; lastKnownFileType = text.xcconfig; path = "Configurations/App/App-Release.xcconfig"; sourceTree = SOURCE_ROOT; };
		000000000000000000000059 /* Configurations/UnitTests/UnitTests-Debug.xcconfig */ = {isa = PBXFileReference; lastKnownFileType = text.xcconfig; path = "Configurations/UnitTests/UnitTests-Debug.xcconfig"; sourceTree = SOURCE_ROOT; };
		00000000000000000000005A /* Configurations/UnitTests/UnitTests-Release.xcconfig */ = {isa = PBXFileReference; lastKnownFileType = text.xcconfig; path = "Configurations/UnitTests/UnitTests-Release.xcconfig"; sourceTree = SOURCE_ROOT; };
		00000000000000000000005C /* Configurations/UITests/UITests-Debug.xcconfig */ = {isa = PBXFileReference; lastKnownFileType = text.xcconfig; path = "Configurations/UITests/UITests-Debug.xcconfig"; sourceTree = SOURCE_ROOT; };
		00000000000000000000005D /* Configurations/UITests/UITests-Release.xcconfig */ = {isa = PBXFileReference; lastKnownFileType = text.xcconfig; path = "Configurations/UITests/UITests-Release.xcconfig"; sourceTree = SOURCE_ROOT; };
/* End PBXFileReference section */

/* Begin PBXFileSystemSynchronizedBuildFileExceptionSet section */
		0000000000000000000000B0 /* PBXFileSystemSynchronizedBuildFileExceptionSet */ = {
			isa = PBXFileSystemSynchronizedBuildFileExceptionSet;
			membershipExceptions = (
				App/DependencyInjection/README.md,
				Core/Logging/LoggingPolicy.md,
				Data/DataSources/Remote/API/README.md,
				Data/README.md,
				Domain/README.md,
				Presentation/README.md,
			);
			target = 000000000000000000000080 /* Lexickon */;
		};
/* End PBXFileSystemSynchronizedBuildFileExceptionSet section */

/* Begin PBXFileSystemSynchronizedRootGroup section */
		000000000000000000000010 /* Lexickon */ = {isa = PBXFileSystemSynchronizedRootGroup; exceptions = (0000000000000000000000B0 /* PBXFileSystemSynchronizedBuildFileExceptionSet */, ); explicitFileTypes = {}; explicitFolders = (); path = Lexickon; sourceTree = "<group>"; };
		000000000000000000000020 /* LexickonTests */ = {isa = PBXFileSystemSynchronizedRootGroup; explicitFileTypes = {}; explicitFolders = (); path = LexickonTests; sourceTree = "<group>"; };
		000000000000000000000021 /* LexickonUITests */ = {isa = PBXFileSystemSynchronizedRootGroup; explicitFileTypes = {}; explicitFolders = (); path = LexickonUITests; sourceTree = "<group>"; };
		000000000000000000000022 /* Configurations */ = {isa = PBXFileSystemSynchronizedRootGroup; explicitFileTypes = {}; explicitFolders = (); path = Configurations; sourceTree = "<group>"; };
/* End PBXFileSystemSynchronizedRootGroup section */

/* Begin PBXFrameworksBuildPhase section */
		000000000000000000000072 /* Frameworks */ = {
			isa = PBXFrameworksBuildPhase;
			buildActionMask = 2147483647;
			files = (
			);
			runOnlyForDeploymentPostprocessing = 0;
		};
		000000000000000000000074 /* Frameworks */ = {
			isa = PBXFrameworksBuildPhase;
			buildActionMask = 2147483647;
			files = (
			);
			runOnlyForDeploymentPostprocessing = 0;
		};
		000000000000000000000077 /* Frameworks */ = {
			isa = PBXFrameworksBuildPhase;
			buildActionMask = 2147483647;
			files = (
			);
			runOnlyForDeploymentPostprocessing = 0;
		};
/* End PBXFrameworksBuildPhase section */

/* Begin PBXGroup section */
		000000000000000000000002 = {
			isa = PBXGroup;
			children = (
				000000000000000000000010 /* Lexickon */,
				000000000000000000000020 /* LexickonTests */,
				000000000000000000000021 /* LexickonUITests */,
				000000000000000000000022 /* Configurations */,
				000000000000000000000003 /* Products */,
				ECB3283C3019C48000FB30D1 /* Recovered References */,
			);
			sourceTree = "<group>";
		};
		000000000000000000000003 /* Products */ = {
			isa = PBXGroup;
			children = (
				000000000000000000000030 /* Lexickon.app */,
				000000000000000000000031 /* LexickonTests.xctest */,
				000000000000000000000032 /* LexickonUITests.xctest */,
			);
			name = Products;
			sourceTree = "<group>";
		};
		ECB3283C3019C48000FB30D1 /* Recovered References */ = {
			isa = PBXGroup;
			children = (
				000000000000000000000056 /* Configurations/App/App-Debug.xcconfig */,
				000000000000000000000057 /* Configurations/App/App-Release.xcconfig */,
				000000000000000000000053 /* Configurations/Shared/Debug.xcconfig */,
				000000000000000000000054 /* Configurations/Shared/Release.xcconfig */,
				000000000000000000000059 /* Configurations/UnitTests/UnitTests-Debug.xcconfig */,
				00000000000000000000005A /* Configurations/UnitTests/UnitTests-Release.xcconfig */,
				00000000000000000000005C /* Configurations/UITests/UITests-Debug.xcconfig */,
				00000000000000000000005D /* Configurations/UITests/UITests-Release.xcconfig */,
			);
			name = "Recovered References";
			sourceTree = "<group>";
		};
/* End PBXGroup section */

/* Begin PBXNativeTarget section */
		000000000000000000000080 /* Lexickon */ = {
			isa = PBXNativeTarget;
			buildConfigurationList = 0000000000000000000000A5 /* Build configuration list for PBXNativeTarget "Lexickon" */;
			buildPhases = (
				000000000000000000000070 /* Sources */,
				000000000000000000000072 /* Frameworks */,
				000000000000000000000071 /* Resources */,
			);
			buildRules = (
			);
			dependencies = (
			);
			fileSystemSynchronizedGroups = (
				000000000000000000000010 /* Lexickon */,
			);
			name = Lexickon;
			productName = Lexickon;
			productReference = 000000000000000000000030 /* Lexickon.app */;
			productType = "com.apple.product-type.application";
		};
		000000000000000000000081 /* LexickonTests */ = {
			isa = PBXNativeTarget;
			buildConfigurationList = 0000000000000000000000A8 /* Build configuration list for PBXNativeTarget "LexickonTests" */;
			buildPhases = (
				000000000000000000000073 /* Sources */,
				000000000000000000000074 /* Frameworks */,
				000000000000000000000075 /* Resources */,
			);
			buildRules = (
			);
			dependencies = (
				000000000000000000000090 /* PBXTargetDependency */,
			);
			fileSystemSynchronizedGroups = (
				000000000000000000000020 /* LexickonTests */,
			);
			name = LexickonTests;
			productName = LexickonTests;
			productReference = 000000000000000000000031 /* LexickonTests.xctest */;
			productType = "com.apple.product-type.bundle.unit-test";
		};
		000000000000000000000082 /* LexickonUITests */ = {
			isa = PBXNativeTarget;
			buildConfigurationList = 0000000000000000000000AB /* Build configuration list for PBXNativeTarget "LexickonUITests" */;
			buildPhases = (
				000000000000000000000076 /* Sources */,
				000000000000000000000077 /* Frameworks */,
				000000000000000000000078 /* Resources */,
			);
			buildRules = (
			);
			dependencies = (
				000000000000000000000091 /* PBXTargetDependency */,
			);
			fileSystemSynchronizedGroups = (
				000000000000000000000021 /* LexickonUITests */,
			);
			name = LexickonUITests;
			productName = LexickonUITests;
			productReference = 000000000000000000000032 /* LexickonUITests.xctest */;
			productType = "com.apple.product-type.bundle.ui-testing";
		};
/* End PBXNativeTarget section */

/* Begin PBXProject section */
		000000000000000000000001 /* Project object */ = {
			isa = PBXProject;
			attributes = {
				BuildIndependentTargetsInParallel = 1;
				LastSwiftUpdateCheck = 2650;
				LastUpgradeCheck = 2650;
				TargetAttributes = {
					000000000000000000000080 = {
						CreatedOnToolsVersion = 26.5;
					};
					000000000000000000000081 = {
						CreatedOnToolsVersion = 26.5;
						TestTargetID = 000000000000000000000080;
					};
					000000000000000000000082 = {
						CreatedOnToolsVersion = 26.5;
						TestTargetID = 000000000000000000000080;
					};
				};
			};
			buildConfigurationList = 0000000000000000000000A2 /* Build configuration list for PBXProject "Lexickon" */;
			compatibilityVersion = "Xcode 14.0";
			developmentRegion = en;
			hasScannedForEncodings = 0;
			knownRegions = (
				en,
				Base,
				ru,
			);
			mainGroup = 000000000000000000000002;
			productRefGroup = 000000000000000000000003 /* Products */;
			projectDirPath = "";
			projectRoot = "";
			targets = (
				000000000000000000000080 /* Lexickon */,
				000000000000000000000081 /* LexickonTests */,
				000000000000000000000082 /* LexickonUITests */,
			);
		};
/* End PBXProject section */

/* Begin PBXResourcesBuildPhase section */
		000000000000000000000071 /* Resources */ = {
			isa = PBXResourcesBuildPhase;
			buildActionMask = 2147483647;
			files = (
			);
			runOnlyForDeploymentPostprocessing = 0;
		};
		000000000000000000000075 /* Resources */ = {
			isa = PBXResourcesBuildPhase;
			buildActionMask = 2147483647;
			files = (
			);
			runOnlyForDeploymentPostprocessing = 0;
		};
		000000000000000000000078 /* Resources */ = {
			isa = PBXResourcesBuildPhase;
			buildActionMask = 2147483647;
			files = (
			);
			runOnlyForDeploymentPostprocessing = 0;
		};
/* End PBXResourcesBuildPhase section */

/* Begin PBXSourcesBuildPhase section */
		000000000000000000000070 /* Sources */ = {
			isa = PBXSourcesBuildPhase;
			buildActionMask = 2147483647;
			files = (
			);
			runOnlyForDeploymentPostprocessing = 0;
		};
		000000000000000000000073 /* Sources */ = {
			isa = PBXSourcesBuildPhase;
			buildActionMask = 2147483647;
			files = (
			);
			runOnlyForDeploymentPostprocessing = 0;
		};
		000000000000000000000076 /* Sources */ = {
			isa = PBXSourcesBuildPhase;
			buildActionMask = 2147483647;
			files = (
			);
			runOnlyForDeploymentPostprocessing = 0;
		};
/* End PBXSourcesBuildPhase section */

/* Begin PBXTargetDependency section */
		000000000000000000000090 /* PBXTargetDependency */ = {
			isa = PBXTargetDependency;
			target = 000000000000000000000080 /* Lexickon */;
			targetProxy = 000000000000000000000092 /* PBXContainerItemProxy */;
		};
		000000000000000000000091 /* PBXTargetDependency */ = {
			isa = PBXTargetDependency;
			target = 000000000000000000000080 /* Lexickon */;
			targetProxy = 000000000000000000000093 /* PBXContainerItemProxy */;
		};
/* End PBXTargetDependency section */

/* Begin XCBuildConfiguration section */
		0000000000000000000000A0 /* Debug */ = {
			isa = XCBuildConfiguration;
			baseConfigurationReference = 000000000000000000000053 /* Configurations/Shared/Debug.xcconfig */;
			buildSettings = {
			};
			name = Debug;
		};
		0000000000000000000000A1 /* Release */ = {
			isa = XCBuildConfiguration;
			baseConfigurationReference = 000000000000000000000054 /* Configurations/Shared/Release.xcconfig */;
			buildSettings = {
			};
			name = Release;
		};
		0000000000000000000000A3 /* Debug */ = {
			isa = XCBuildConfiguration;
			baseConfigurationReference = 000000000000000000000056 /* Configurations/App/App-Debug.xcconfig */;
			buildSettings = {
			};
			name = Debug;
		};
		0000000000000000000000A4 /* Release */ = {
			isa = XCBuildConfiguration;
			baseConfigurationReference = 000000000000000000000057 /* Configurations/App/App-Release.xcconfig */;
			buildSettings = {
			};
			name = Release;
		};
		0000000000000000000000A6 /* Debug */ = {
			isa = XCBuildConfiguration;
			baseConfigurationReference = 000000000000000000000059 /* Configurations/UnitTests/UnitTests-Debug.xcconfig */;
			buildSettings = {
			};
			name = Debug;
		};
		0000000000000000000000A7 /* Release */ = {
			isa = XCBuildConfiguration;
			baseConfigurationReference = 00000000000000000000005A /* Configurations/UnitTests/UnitTests-Release.xcconfig */;
			buildSettings = {
			};
			name = Release;
		};
		0000000000000000000000A9 /* Debug */ = {
			isa = XCBuildConfiguration;
			baseConfigurationReference = 00000000000000000000005C /* Configurations/UITests/UITests-Debug.xcconfig */;
			buildSettings = {
			};
			name = Debug;
		};
		0000000000000000000000AA /* Release */ = {
			isa = XCBuildConfiguration;
			baseConfigurationReference = 00000000000000000000005D /* Configurations/UITests/UITests-Release.xcconfig */;
			buildSettings = {
			};
			name = Release;
		};
/* End XCBuildConfiguration section */

/* Begin XCConfigurationList section */
		0000000000000000000000A2 /* Build configuration list for PBXProject "Lexickon" */ = {
			isa = XCConfigurationList;
			buildConfigurations = (
				0000000000000000000000A0 /* Debug */,
				0000000000000000000000A1 /* Release */,
			);
			defaultConfigurationIsVisible = 0;
			defaultConfigurationName = Release;
		};
		0000000000000000000000A5 /* Build configuration list for PBXNativeTarget "Lexickon" */ = {
			isa = XCConfigurationList;
			buildConfigurations = (
				0000000000000000000000A3 /* Debug */,
				0000000000000000000000A4 /* Release */,
			);
			defaultConfigurationIsVisible = 0;
			defaultConfigurationName = Release;
		};
		0000000000000000000000A8 /* Build configuration list for PBXNativeTarget "LexickonTests" */ = {
			isa = XCConfigurationList;
			buildConfigurations = (
				0000000000000000000000A6 /* Debug */,
				0000000000000000000000A7 /* Release */,
			);
			defaultConfigurationIsVisible = 0;
			defaultConfigurationName = Release;
		};
		0000000000000000000000AB /* Build configuration list for PBXNativeTarget "LexickonUITests" */ = {
			isa = XCConfigurationList;
			buildConfigurations = (
				0000000000000000000000A9 /* Debug */,
				0000000000000000000000AA /* Release */,
			);
			defaultConfigurationIsVisible = 0;
			defaultConfigurationName = Release;
		};
/* End XCConfigurationList section */
	};
	rootObject = 000000000000000000000001 /* Project object */;
}
